
Microsoft Visual Studio Solution File, Format Version 12.00
# Visual Studio Version 16
VisualStudioVersion = 16.0.30406.217
MinimumVisualStudioVersion = 10.0.40219.1
Project("{9A19103F-16F7-4668-BE54-9A1E7A4F7556}") = "EdiService", "EdiService\EdiService.csproj", "{97B91D11-1C62-45D4-BC0A-ACF525D09825}"
EndProject
Project("{9A19103F-16F7-4668-BE54-9A1E7A4F7556}") = "Edi.Web", "Edi.Web\Edi.Web.csproj", "{28A068B5-B22C-4D79-BAB1-63D914A50010}"
EndProject
Global
	GlobalSection(SolutionConfigurationPlatforms) = preSolution
		Debug|Any CPU = Debug|Any CPU
		Release|Any CPU = Release|Any CPU
	EndGlobalSection
	GlobalSection(ProjectConfigurationPlatforms) = postSolution
		{97B91D11-1C62-45D4-BC0A-ACF525D09825}.Debug|Any CPU.ActiveCfg = Debug|Any CPU
		{97B91D11-1C62-45D4-BC0A-ACF525D09825}.Debug|Any CPU.Build.0 = Debug|Any CPU
		{97B91D11-1C62-45D4-BC0A-ACF525D09825}.Release|Any CPU.ActiveCfg = Release|Any CPU
		{97B91D11-1C62-45D4-BC0A-ACF525D09825}.Release|Any CPU.Build.0 = Release|Any CPU
		{28A068B5-B22C-4D79-BAB1-63D914A50010}.Debug|Any CPU.ActiveCfg = Debug|Any CPU
		{28A068B5-B22C-4D79-BAB1-63D914A50010}.Debug|Any CPU.Build.0 = Debug|Any CPU
		{28A068B5-B22C-4D79-BAB1-63D914A50010}.Release|Any CPU.ActiveCfg = Release|Any CPU
		{28A068B5-B22C-4D79-BAB1-63D914A50010}.Release|Any CPU.Build.0 = Release|Any CPU
	EndGlobalSection
	GlobalSection(SolutionProperties) = preSolution
		HideSolutionNode = FALSE
	EndGlobalSection
	GlobalSection(ExtensibilityGlobals) = postSolution
		SolutionGuid = {932B96B6-B1DC-491A-AD2D-C3E5257F37B3}
	EndGlobalSection
EndGlobal
